
Microsoft Visual Studio Solution File, Format Version 12.00
# Visual Studio Version 16
VisualStudioVersion = 16.0.35325.158
MinimumVisualStudioVersion = 10.0.40219.1
Project("{FAE04EC0-301F-11D3-BF4B-00C04F79EFBC}") = "MarketLibrary", "MarketLibrary\MarketLibrary.csproj", "{2F941B31-E56D-4EDA-9963-B3C1701C5D2F}"
EndProject
Project("{FAE04EC0-301F-11D3-BF4B-00C04F79EFBC}") = "MarketConsoleApp", "MarketConsoleApp\MarketConsoleApp.csproj", "{AAFC055E-B9C2-4CED-AC0F-A93521F59C0A}"
EndProject
Global
	GlobalSection(SolutionConfigurationPlatforms) = preSolution
		Debug|Any CPU = Debug|Any CPU
		Release|Any CPU = Release|Any CPU
	EndGlobalSection
	GlobalSection(ProjectConfigurationPlatforms) = postSolution
		{2F941B31-E56D-4EDA-9963-B3C1701C5D2F}.Debug|Any CPU.ActiveCfg = Debug|Any CPU
		{2F941B31-E56D-4EDA-9963-B3C1701C5D2F}.Debug|Any CPU.Build.0 = Debug|Any CPU
		{2F941B31-E56D-4EDA-9963-B3C1701C5D2F}.Release|Any CPU.ActiveCfg = Release|Any CPU
		{2F941B31-E56D-4EDA-9963-B3C1701C5D2F}.Release|Any CPU.Build.0 = Release|Any CPU
		{AAFC055E-B9C2-4CED-AC0F-A93521F59C0A}.Debug|Any CPU.ActiveCfg = Debug|Any CPU
		{AAFC055E-B9C2-4CED-AC0F-A93521F59C0A}.Debug|Any CPU.Build.0 = Debug|Any CPU
		{AAFC055E-B9C2-4CED-AC0F-A93521F59C0A}.Release|Any CPU.ActiveCfg = Release|Any CPU
		{AAFC055E-B9C2-4CED-AC0F-A93521F59C0A}.Release|Any CPU.Build.0 = Release|Any CPU
	EndGlobalSection
	GlobalSection(SolutionProperties) = preSolution
		HideSolutionNode = FALSE
	EndGlobalSection
	GlobalSection(ExtensibilityGlobals) = postSolution
		SolutionGuid = {A254F573-16DC-45DB-A743-4E5EB79E08AE}
	EndGlobalSection
EndGlobal
